// !$*UTF8*$!
{
	archiveVersion = 1;
	classes = {
	};
	objectVersion = 55;
	objects = {

/* Begin PBXBuildFile section */
		88BB70E1270AE60D00717A94 /* Weather in Frameworks */ = {isa = PBXBuildFile; productRef = 88BB70E0270AE60D00717A94 /* Weather */; };
		88DBC33027070460000BE5B5 /* HomeView.swift in Sources */ = {isa = PBXBuildFile; fileRef = 88DBC32F27070460000BE5B5 /* HomeView.swift */; };
		88DBC33227070473000BE5B5 /* WeatherView.swift in Sources */ = {isa = PBXBuildFile; fileRef = 88DBC33127070473000BE5B5 /* WeatherView.swift */; };
		F6037E3A26FB1E79008900A3 /* DaisyDemoApp.swift in Sources */ = {isa = PBXBuildFile; fileRef = F6037E3926FB1E79008900A3 /* DaisyDemoApp.swift */; };
		F6037E3C26FB1E79008900A3 /* ContentView.swift in Sources */ = {isa = PBXBuildFile; fileRef = F6037E3B26FB1E79008900A3 /* ContentView.swift */; };
		F6037E3E26FB1E7B008900A3 /* Assets.xcassets in Resources */ = {isa = PBXBuildFile; fileRef = F6037E3D26FB1E7B008900A3 /* Assets.xcassets */; };
		F6037E4126FB1E7B008900A3 /* Preview Assets.xcassets in Resources */ = {isa = PBXBuildFile; fileRef = F6037E4026FB1E7B008900A3 /* Preview Assets.xcassets */; };
/* End PBXBuildFile section */

/* Begin PBXFileReference section */
		88DBC32F27070460000BE5B5 /* HomeView.swift */ = {isa = PBXFileReference; lastKnownFileType = sourcecode.swift; path = HomeView.swift; sourceTree = "<group>"; };
		88DBC33127070473000BE5B5 /* WeatherView.swift */ = {isa = PBXFileReference; lastKnownFileType = sourcecode.swift; path = WeatherView.swift; sourceTree = "<group>"; };
		F6037E3626FB1E79008900A3 /* DaisyDemo.app */ = {isa = PBXFileReference; explicitFileType = wrapper.application; includeInIndex = 0; path = DaisyDemo.app; sourceTree = BUILT_PRODUCTS_DIR; };
		F6037E3926FB1E79008900A3 /* DaisyDemoApp.swift */ = {isa = PBXFileReference; lastKnownFileType = sourcecode.swift; path = DaisyDemoApp.swift; sourceTree = "<group>"; };
		F6037E3B26FB1E79008900A3 /* ContentView.swift */ = {isa = PBXFileReference; lastKnownFileType = sourcecode.swift; path = ContentView.swift; sourceTree = "<group>"; };
		F6037E3D26FB1E7B008900A3 /* Assets.xcassets */ = {isa = PBXFileReference; lastKnownFileType = folder.assetcatalog; path = Assets.xcassets; sourceTree = "<group>"; };
		F6037E4026FB1E7B008900A3 /* Preview Assets.xcassets */ = {isa = PBXFileReference; lastKnownFileType = folder.assetcatalog; path = "Preview Assets.xcassets"; sourceTree = "<group>"; };
/* End PBXFileReference section */

/* Begin PBXFrameworksBuildPhase section */
		F6037E3326FB1E79008900A3 /* Frameworks */ = {
			isa = PBXFrameworksBuildPhase;
			buildActionMask = 2147483647;
			files = (
				88BB70E1270AE60D00717A94 /* Weather in Frameworks */,
			);
			runOnlyForDeploymentPostprocessing = 0;
		};
/* End PBXFrameworksBuildPhase section */

/* Begin PBXGroup section */
		88BB70DF270AE60D00717A94 /* Frameworks */ = {
			isa = PBXGroup;
			children = (
			);
			name = Frameworks;
			sourceTree = "<group>";
		};
		88DBC3282707018A000BE5B5 /* Views */ = {
			isa = PBXGroup;
			children = (
				88DBC33127070473000BE5B5 /* WeatherView.swift */,
				F6037E3B26FB1E79008900A3 /* ContentView.swift */,
				88DBC32F27070460000BE5B5 /* HomeView.swift */,
			);
			path = Views;
			sourceTree = "<group>";
		};
		F6037E2D26FB1E79008900A3 = {
			isa = PBXGroup;
			children = (
				F6037E3826FB1E79008900A3 /* DaisyDemo */,
				F6037E3726FB1E79008900A3 /* Products */,
				88BB70DF270AE60D00717A94 /* Frameworks */,
			);
			sourceTree = "<group>";
		};
		F6037E3726FB1E79008900A3 /* Products */ = {
			isa = PBXGroup;
			children = (
				F6037E3626FB1E79008900A3 /* DaisyDemo.app */,
			);
			name = Products;
			sourceTree = "<group>";
		};
		F6037E3826FB1E79008900A3 /* DaisyDemo */ = {
			isa = PBXGroup;
			children = (
				88DBC3282707018A000BE5B5 /* Views */,
				F6037E3926FB1E79008900A3 /* DaisyDemoApp.swift */,
				F6037E3D26FB1E7B008900A3 /* Assets.xcassets */,
				F6037E3F26FB1E7B008900A3 /* Preview Content */,
			);
			path = DaisyDemo;
			sourceTree = "<group>";
		};
		F6037E3F26FB1E7B008900A3 /* Preview Content */ = {
			isa = PBXGroup;
			children = (
				F6037E4026FB1E7B008900A3 /* Preview Assets.xcassets */,
			);
			path = "Preview Content";
			sourceTree = "<group>";
		};
/* End PBXGroup section */

/* Begin PBXNativeTarget section */
		F6037E3526FB1E79008900A3 /* DaisyDemo */ = {
			isa = PBXNativeTarget;
			buildConfigurationList = F6037E4426FB1E7B008900A3 /* Build configuration list for PBXNativeTarget "DaisyDemo" */;
			buildPhases = (
				F6037E3226FB1E79008900A3 /* Sources */,
				F6037E3326FB1E79008900A3 /* Frameworks */,
				F6037E3426FB1E79008900A3 /* Resources */,
			);
			buildRules = (
			);
			dependencies = (
			);
			name = DaisyDemo;
			packageProductDependencies = (
				88BB70E0270AE60D00717A94 /* Weather */,
			);
			productName = DaisyDemo;
			productReference = F6037E3626FB1E79008900A3 /* DaisyDemo.app */;
			productType = "com.apple.product-type.application";
		};
/* End PBXNativeTarget section */

/* Begin PBXProject section */
		F6037E2E26FB1E79008900A3 /* Project object */ = {
			isa = PBXProject;
			attributes = {
				BuildIndependentTargetsInParallel = 1;
				LastSwiftUpdateCheck = 1300;
				LastUpgradeCheck = 1300;
				TargetAttributes = {
					F6037E3526FB1E79008900A3 = {
						CreatedOnToolsVersion = 13.0;
					};
				};
			};
			buildConfigurationList = F6037E3126FB1E79008900A3 /* Build configuration list for PBXProject "DaisyDemo" */;
			compatibilityVersion = "Xcode 13.0";
			developmentRegion = en;
			hasScannedForEncodings = 0;
			knownRegions = (
				en,
				Base,
			);
			mainGroup = F6037E2D26FB1E79008900A3;
			packageReferences = (
				88DBC3272706F6BF000BE5B5 /* XCRemoteSwiftPackageReference "spm-weather" */,
			);
			productRefGroup = F6037E3726FB1E79008900A3 /* Products */;
			projectDirPath = "";
			projectRoot = "";
			targets = (
				F6037E3526FB1E79008900A3 /* DaisyDemo */,
			);
		};
/* End PBXProject section */

/* Begin PBXResourcesBuildPhase section */
		F6037E3426FB1E79008900A3 /* Resources */ = {
			isa = PBXResourcesBuildPhase;
			buildActionMask = 2147483647;
			files = (
				F6037E4126FB1E7B008900A3 /* Preview Assets.xcassets in Resources */,
				F6037E3E26FB1E7B008900A3 /* Assets.xcassets in Resources */,
			);
			runOnlyForDeploymentPostprocessing = 0;
		};
/* End PBXResourcesBuildPhase section */

/* Begin PBXSourcesBuildPhase section */
		F6037E3226FB1E79008900A3 /* Sources */ = {
			isa = PBXSourcesBuildPhase;
			buildActionMask = 2147483647;
			files = (
				F6037E3C26FB1E79008900A3 /* ContentView.swift in Sources */,
				F6037E3A26FB1E79008900A3 /* DaisyDemoApp.swift in Sources */,
				88DBC33227070473000BE5B5 /* WeatherView.swift in Sources */,
				88DBC33027070460000BE5B5 /* HomeView.swift in Sources */,
			);
			runOnlyForDeploymentPostprocessing = 0;
		};
/* End PBXSourcesBuildPhase section */

/* Begin XCBuildConfiguration section */
		F6037E4226FB1E7B008900A3 /* Debug */ = {
			isa = XCBuildConfiguration;
			buildSettings = {
				ALWAYS_SEARCH_USER_PATHS = NO;
				CLANG_ANALYZER_NONNULL = YES;
				CLANG_ANALYZER_NUMBER_OBJECT_CONVERSION = YES_AGGRESSIVE;
				CLANG_CXX_LANGUAGE_STANDARD = "gnu++17";
				CLANG_CXX_LIBRARY = "libc++";
				CLANG_ENABLE_MODULES = YES;
				CLANG_ENABLE_OBJC_ARC = YES;
				CLANG_ENABLE_OBJC_WEAK = YES;
				CLANG_WARN_BLOCK_CAPTURE_AUTORELEASING = YES;
				CLANG_WARN_BOOL_CONVERSION = YES;
				CLANG_WARN_COMMA = YES;
				CLANG_WARN_CONSTANT_CONVERSION = YES;
				CLANG_WARN_DEPRECATED_OBJC_IMPLEMENTATIONS = YES;
				CLANG_WARN_DIRECT_OBJC_ISA_USAGE = YES_ERROR;
				CLANG_WARN_DOCUMENTATION_COMMENTS = YES;
				CLANG_WARN_EMPTY_BODY = YES;
				CLANG_WARN_ENUM_CONVERSION = YES;
				CLANG_WARN_INFINITE_RECURSION = YES;
				CLANG_WARN_INT_CONVERSION = YES;
				CLANG_WARN_NON_LITERAL_NULL_CONVERSION = YES;
				CLANG_WARN_OBJC_IMPLICIT_RETAIN_SELF = YES;
				CLANG_WARN_OBJC_LITERAL_CONVERSION = YES;
				CLANG_WARN_OBJC_ROOT_CLASS = YES_ERROR;
				CLANG_WARN_QUOTED_INCLUDE_IN_FRAMEWORK_HEADER = YES;
				CLANG_WARN_RANGE_LOOP_ANALYSIS = YES;
				CLANG_WARN_STRICT_PROTOTYPES = YES;
				CLANG_WARN_SUSPICIOUS_MOVE = YES;
				CLANG_WARN_UNGUARDED_AVAILABILITY = YES_AGGRESSIVE;
				CLANG_WARN_UNREACHABLE_CODE = YES;
				CLANG_WARN__DUPLICATE_METHOD_MATCH = YES;
				COPY_PHASE_STRIP = NO;
				DEBUG_INFORMATION_FORMAT = dwarf;
				ENABLE_STRICT_OBJC_MSGSEND = YES;
				ENABLE_TESTABILITY = YES;
				GCC_C_LANGUAGE_STANDARD = gnu11;
				GCC_DYNAMIC_NO_PIC = NO;
				GCC_NO_COMMON_BLOCKS = YES;
				GCC_OPTIMIZATION_LEVEL = 0;
				GCC_PREPROCESSOR_DEFINITIONS = (
					"DEBUG=1",
					"$(inherited)",
				);
				GCC_WARN_64_TO_32_BIT_CONVERSION = YES;
				GCC_WARN_ABOUT_RETURN_TYPE = YES_ERROR;
				GCC_WARN_UNDECLARED_SELECTOR = YES;
				GCC_WARN_UNINITIALIZED_AUTOS = YES_AGGRESSIVE;
				GCC_WARN_UNUSED_FUNCTION = YES;
				GCC_WARN_UNUSED_VARIABLE = YES;
				IPHONEOS_DEPLOYMENT_TARGET = 15.0;
				MTL_ENABLE_DEBUG_INFO = INCLUDE_SOURCE;
				MTL_FAST_MATH = YES;
				ONLY_ACTIVE_ARCH = YES;
				SDKROOT = iphoneos;
				SWIFT_ACTIVE_COMPILATION_CONDITIONS = DEBUG;
				SWIFT_OPTIMIZATION_LEVEL = "-Onone";
			};
			name = Debug;
		};
		F6037E4326FB1E7B008900A3 /* Release */ = {
			isa = XCBuildConfiguration;
			buildSettings = {
				ALWAYS_SEARCH_USER_PATHS = NO;
				CLANG_ANALYZER_NONNULL = YES;
				CLANG_ANALYZER_NUMBER_OBJECT_CONVERSION = YES_AGGRESSIVE;
				CLANG_CXX_LANGUAGE_STANDARD = "gnu++17";
				CLANG_CXX_LIBRARY = "libc++";
				CLANG_ENABLE_MODULES = YES;
				CLANG_ENABLE_OBJC_ARC = YES;
				CLANG_ENABLE_OBJC_WEAK = YES;
				CLANG_WARN_BLOCK_CAPTURE_AUTORELEASING = YES;
				CLANG_WARN_BOOL_CONVERSION = YES;
				CLANG_WARN_COMMA = YES;
				CLANG_WARN_CONSTANT_CONVERSION = YES;
				CLANG_WARN_DEPRECATED_OBJC_IMPLEMENTATIONS = YES;
				CLANG_WARN_DIRECT_OBJC_ISA_USAGE = YES_ERROR;
				CLANG_WARN_DOCUMENTATION_COMMENTS = YES;
				CLANG_WARN_EMPTY_BODY = YES;
				CLANG_WARN_ENUM_CONVERSION = YES;
				CLANG_WARN_INFINITE_RECURSION = YES;
				CLANG_WARN_INT_CONVERSION = YES;
				CLANG_WARN_NON_LITERAL_NULL_CONVERSION = YES;
				CLANG_WARN_OBJC_IMPLICIT_RETAIN_SELF = YES;
				CLANG_WARN_OBJC_LITERAL_CONVERSION = YES;
				CLANG_WARN_OBJC_ROOT_CLASS = YES_ERROR;
				CLANG_WARN_QUOTED_INCLUDE_IN_FRAMEWORK_HEADER = YES;
				CLANG_WARN_RANGE_LOOP_ANALYSIS = YES;
				CLANG_WARN_STRICT_PROTOTYPES = YES;
				CLANG_WARN_SUSPICIOUS_MOVE = YES;
				CLANG_WARN_UNGUARDED_AVAILABILITY = YES_AGGRESSIVE;
				CLANG_WARN_UNREACHABLE_CODE = YES;
				CLANG_WARN__DUPLICATE_METHOD_MATCH = YES;
				COPY_PHASE_STRIP = NO;
				DEBUG_INFORMATION_FORMAT = "dwarf-with-dsym";
				ENABLE_NS_ASSERTIONS = NO;
				ENABLE_STRICT_OBJC_MSGSEND = YES;
				GCC_C_LANGUAGE_STANDARD = gnu11;
				GCC_NO_COMMON_BLOCKS = YES;
				GCC_WARN_64_TO_32_BIT_CONVERSION = YES;
				GCC_WARN_ABOUT_RETURN_TYPE = YES_ERROR;
				GCC_WARN_UNDECLARED_SELECTOR = YES;
				GCC_WARN_UNINITIALIZED_AUTOS = YES_AGGRESSIVE;
				GCC_WARN_UNUSED_FUNCTION = YES;
				GCC_WARN_UNUSED_VARIABLE = YES;
				IPHONEOS_DEPLOYMENT_TARGET = 15.0;
				MTL_ENABLE_DEBUG_INFO = NO;
				MTL_FAST_MATH = YES;
				SDKROOT = iphoneos;
				SWIFT_COMPILATION_MODE = wholemodule;
				SWIFT_OPTIMIZATION_LEVEL = "-O";
				VALIDATE_PRODUCT = YES;
			};
			name = Release;
		};
		F6037E4526FB1E7B008900A3 /* Debug */ = {
			isa = XCBuildConfiguration;
			buildSettings = {
				ASSETCATALOG_COMPILER_APPICON_NAME = AppIcon;
				ASSETCATALOG_COMPILER_GLOBAL_ACCENT_COLOR_NAME = AccentColor;
				CODE_SIGN_STYLE = Automatic;
				CURRENT_PROJECT_VERSION = 1;
				DEVELOPMENT_ASSET_PATHS = "\"DaisyDemo/Preview Content\"";
				DEVELOPMENT_TEAM = MHBEW6TVG2;
				ENABLE_PREVIEWS = YES;
				GENERATE_INFOPLIST_FILE = YES;
				INFOPLIST_KEY_UIApplicationSceneManifest_Generation = YES;
				INFOPLIST_KEY_UIApplicationSupportsIndirectInputEvents = YES;
				INFOPLIST_KEY_UILaunchScreen_Generation = YES;
				INFOPLIST_KEY_UISupportedInterfaceOrientations_iPad = "UIInterfaceOrientationPortrait UIInterfaceOrientationPortraitUpsideDown UIInterfaceOrientationLandscapeLeft UIInterfaceOrientationLandscapeRight";
				INFOPLIST_KEY_UISupportedInterfaceOrientations_iPhone = "UIInterfaceOrientationPortrait UIInterfaceOrientationLandscapeLeft UIInterfaceOrientationLandscapeRight";
				IPHONEOS_DEPLOYMENT_TARGET = 14.0;
				LD_RUNPATH_SEARCH_PATHS = (
					"$(inherited)",
					"@executable_path/Frameworks",
				);
				MARKETING_VERSION = 1.0;
				PRODUCT_BUNDLE_IDENTIFIER = se.helsingborg.app.DaisyDemo;
				PRODUCT_NAME = "$(TARGET_NAME)";
				SWIFT_EMIT_LOC_STRINGS = YES;
				SWIFT_VERSION = 5.0;
				TARGETED_DEVICE_FAMILY = "1,2";
			};
			name = Debug;
		};
		F6037E4626FB1E7B008900A3 /* Release */ = {
			isa = XCBuildConfiguration;
			buildSettings = {
				ASSETCATALOG_COMPILER_APPICON_NAME = AppIcon;
				ASSETCATALOG_COMPILER_GLOBAL_ACCENT_COLOR_NAME = AccentColor;
				CODE_SIGN_STYLE = Automatic;
				CURRENT_PROJECT_VERSION = 1;
				DEVELOPMENT_ASSET_PATHS = "\"DaisyDemo/Preview Content\"";
				DEVELOPMENT_TEAM = MHBEW6TVG2;
				ENABLE_PREVIEWS = YES;
				GENERATE_INFOPLIST_FILE = YES;
				INFOPLIST_KEY_UIApplicationSceneManifest_Generation = YES;
				INFOPLIST_KEY_UIApplicationSupportsIndirectInputEvents = YES;
				INFOPLIST_KEY_UILaunchScreen_Generation = YES;
				INFOPLIST_KEY_UISupportedInterfaceOrientations_iPad = "UIInterfaceOrientationPortrait UIInterfaceOrientationPortraitUpsideDown UIInterfaceOrientationLandscapeLeft UIInterfaceOrientationLandscapeRight";
				INFOPLIST_KEY_UISupportedInterfaceOrientations_iPhone = "UIInterfaceOrientationPortrait UIInterfaceOrientationLandscapeLeft UIInterfaceOrientationLandscapeRight";
				IPHONEOS_DEPLOYMENT_TARGET = 14.0;
				LD_RUNPATH_SEARCH_PATHS = (
					"$(inherited)",
					"@executable_path/Frameworks",
				);
				MARKETING_VERSION = 1.0;
				PRODUCT_BUNDLE_IDENTIFIER = se.helsingborg.app.DaisyDemo;
				PRODUCT_NAME = "$(TARGET_NAME)";
				SWIFT_EMIT_LOC_STRINGS = YES;
				SWIFT_VERSION = 5.0;
				TARGETED_DEVICE_FAMILY = "1,2";
			};
			name = Release;
		};
/* End XCBuildConfiguration section */

/* Begin XCConfigurationList section */
		F6037E3126FB1E79008900A3 /* Build configuration list for PBXProject "DaisyDemo" */ = {
			isa = XCConfigurationList;
			buildConfigurations = (
				F6037E4226FB1E7B008900A3 /* Debug */,
				F6037E4326FB1E7B008900A3 /* Release */,
			);
			defaultConfigurationIsVisible = 0;
			defaultConfigurationName = Release;
		};
		F6037E4426FB1E7B008900A3 /* Build configuration list for PBXNativeTarget "DaisyDemo" */ = {
			isa = XCConfigurationList;
			buildConfigurations = (
				F6037E4526FB1E7B008900A3 /* Debug */,
				F6037E4626FB1E7B008900A3 /* Release */,
			);
			defaultConfigurationIsVisible = 0;
			defaultConfigurationName = Release;
		};
/* End XCConfigurationList section */

/* Begin XCRemoteSwiftPackageReference section */
		88DBC3272706F6BF000BE5B5 /* XCRemoteSwiftPackageReference "spm-weather" */ = {
			isa = XCRemoteSwiftPackageReference;
			repositoryURL = "https://github.com/helsingborg-stad/spm-weather.git";
			requirement = {
				kind = upToNextMajorVersion;
				minimumVersion = 0.1.0;
			};
		};
/* End XCRemoteSwiftPackageReference section */

/* Begin XCSwiftPackageProductDependency section */
		88BB70E0270AE60D00717A94 /* Weather */ = {
			isa = XCSwiftPackageProductDependency;
			package = 88DBC3272706F6BF000BE5B5 /* XCRemoteSwiftPackageReference "spm-weather" */;
			productName = Weather;
		};
/* End XCSwiftPackageProductDependency section */
	};
	rootObject = F6037E2E26FB1E79008900A3 /* Project object */;
}
