{
  "object": {
    "pins": [
      {
        "package": "AutomatedFetcher",
        "repositoryURL": "https://github.com/helsingborg-stad/spm-automated-fetcher",
        "state": {
          "branch": null,
          "revision": "df8698cd54849474953c73d31eefc43d28bb5f18",
          "version": "0.1.0"
        }
      },
      {
        "package": "Weather",
        "repositoryURL": "https://github.com/helsingborg-stad/spm-weather.git",
        "state": {
          "branch": null,
          "revision": "99c79a6e61c121a48b550058e4c1921d86c21490",
          "version": "0.1.0"
        }
      }
    ]
  },
  "version": 1
}
